
Microsoft Visual Studio Solution File, Format Version 12.00
# Visual Studio Version 17
VisualStudioVersion = 17.4.33103.184
MinimumVisualStudioVersion = 10.0.40219.1
Project("{FAE04EC0-301F-11D3-BF4B-00C04F79EFBC}") = "GraphQL Demo", "GraphQL Demo.csproj", "{CAE6908F-7FDF-4A03-9E39-FF1B169C0872}"
EndProject
Project("{FAE04EC0-301F-11D3-BF4B-00C04F79EFBC}") = "GraphQL Demo.Tests", "..\GraphQL Demo.Tests\GraphQL Demo.Tests.csproj", "{B92C900D-727B-44CA-8E84-B6B4FB39493E}"
EndProject
Global
	GlobalSection(SolutionConfigurationPlatforms) = preSolution
		Debug|Any CPU = Debug|Any CPU
		Release|Any CPU = Release|Any CPU
	EndGlobalSection
	GlobalSection(ProjectConfigurationPlatforms) = postSolution
		{CAE6908F-7FDF-4A03-9E39-FF1B169C0872}.Debug|Any CPU.ActiveCfg = Debug|Any CPU
		{CAE6908F-7FDF-4A03-9E39-FF1B169C0872}.Debug|Any CPU.Build.0 = Debug|Any CPU
		{CAE6908F-7FDF-4A03-9E39-FF1B169C0872}.Release|Any CPU.ActiveCfg = Release|Any CPU
		{CAE6908F-7FDF-4A03-9E39-FF1B169C0872}.Release|Any CPU.Build.0 = Release|Any CPU
		{B92C900D-727B-44CA-8E84-B6B4FB39493E}.Debug|Any CPU.ActiveCfg = Debug|Any CPU
		{B92C900D-727B-44CA-8E84-B6B4FB39493E}.Debug|Any CPU.Build.0 = Debug|Any CPU
		{B92C900D-727B-44CA-8E84-B6B4FB39493E}.Release|Any CPU.ActiveCfg = Release|Any CPU
		{B92C900D-727B-44CA-8E84-B6B4FB39493E}.Release|Any CPU.Build.0 = Release|Any CPU
	EndGlobalSection
	GlobalSection(SolutionProperties) = preSolution
		HideSolutionNode = FALSE
	EndGlobalSection
	GlobalSection(ExtensibilityGlobals) = postSolution
		SolutionGuid = {B34ADF5F-2779-428A-8F0E-E830B3D3E6C9}
	EndGlobalSection
EndGlobal
